
Microsoft Visual Studio Solution File, Format Version 12.00
# Visual Studio Version 16
VisualStudioVersion = 16.0.31424.327
MinimumVisualStudioVersion = 10.0.40219.1
Project("{FAE04EC0-301F-11D3-BF4B-00C04F79EFBC}") = "StatusCodeMiddleware", "StatusCodeMiddleware\StatusCodeMiddleware.csproj", "{F138EEA6-2BB1-4B63-BD42-9C72E4A71A28}"
EndProject
Project("{FAE04EC0-301F-11D3-BF4B-00C04F79EFBC}") = "RazorPages_Login_SendGrid", "RazorPages_Login_SendGrid\RazorPages_Login_SendGrid.csproj", "{94CB772E-ACDF-42C9-824A-659A288DF244}"
EndProject
Global
	GlobalSection(SolutionConfigurationPlatforms) = preSolution
		Debug|Any CPU = Debug|Any CPU
		Release|Any CPU = Release|Any CPU
	EndGlobalSection
	GlobalSection(ProjectConfigurationPlatforms) = postSolution
		{F138EEA6-2BB1-4B63-BD42-9C72E4A71A28}.Debug|Any CPU.ActiveCfg = Debug|Any CPU
		{F138EEA6-2BB1-4B63-BD42-9C72E4A71A28}.Debug|Any CPU.Build.0 = Debug|Any CPU
		{F138EEA6-2BB1-4B63-BD42-9C72E4A71A28}.Release|Any CPU.ActiveCfg = Release|Any CPU
		{F138EEA6-2BB1-4B63-BD42-9C72E4A71A28}.Release|Any CPU.Build.0 = Release|Any CPU
		{94CB772E-ACDF-42C9-824A-659A288DF244}.Debug|Any CPU.ActiveCfg = Debug|Any CPU
		{94CB772E-ACDF-42C9-824A-659A288DF244}.Debug|Any CPU.Build.0 = Debug|Any CPU
		{94CB772E-ACDF-42C9-824A-659A288DF244}.Release|Any CPU.ActiveCfg = Release|Any CPU
		{94CB772E-ACDF-42C9-824A-659A288DF244}.Release|Any CPU.Build.0 = Release|Any CPU
	EndGlobalSection
	GlobalSection(SolutionProperties) = preSolution
		HideSolutionNode = FALSE
	EndGlobalSection
	GlobalSection(ExtensibilityGlobals) = postSolution
		SolutionGuid = {3AF552F5-2E32-4555-9728-36CED78488E0}
	EndGlobalSection
EndGlobal
